
Microsoft Visual Studio Solution File, Format Version 12.00
# Visual Studio 15
Project("{FAE04EC0-301F-11D3-BF4B-00C04F79EFBC}") = "Assembly-CSharp", "Assembly-CSharp.csproj", "{F0E2C132-650F-6B2A-6C95-24B2A1067D71}"
EndProject
Project("{FAE04EC0-301F-11D3-BF4B-00C04F79EFBC}") = "Assembly-CSharp-Editor", "Assembly-CSharp-Editor.csproj", "{4CB558B3-3A43-4282-DD49-4235E88C148B}"
EndProject
Global
	GlobalSection(SolutionConfigurationPlatforms) = preSolution
		Debug|Any CPU = Debug|Any CPU
		Release|Any CPU = Release|Any CPU
	EndGlobalSection
	GlobalSection(ProjectConfigurationPlatforms) = postSolution
		{F0E2C132-650F-6B2A-6C95-24B2A1067D71}.Debug|Any CPU.ActiveCfg = Debug|Any CPU
		{F0E2C132-650F-6B2A-6C95-24B2A1067D71}.Debug|Any CPU.Build.0 = Debug|Any CPU
		{F0E2C132-650F-6B2A-6C95-24B2A1067D71}.Release|Any CPU.ActiveCfg = Release|Any CPU
		{F0E2C132-650F-6B2A-6C95-24B2A1067D71}.Release|Any CPU.Build.0 = Release|Any CPU
		{4CB558B3-3A43-4282-DD49-4235E88C148B}.Debug|Any CPU.ActiveCfg = Debug|Any CPU
		{4CB558B3-3A43-4282-DD49-4235E88C148B}.Debug|Any CPU.Build.0 = Debug|Any CPU
		{4CB558B3-3A43-4282-DD49-4235E88C148B}.Release|Any CPU.ActiveCfg = Release|Any CPU
		{4CB558B3-3A43-4282-DD49-4235E88C148B}.Release|Any CPU.Build.0 = Release|Any CPU
	EndGlobalSection
	GlobalSection(SolutionProperties) = preSolution
		HideSolutionNode = FALSE
	EndGlobalSection
EndGlobal
