
Microsoft Visual Studio Solution File, Format Version 11.00
# Visual Studio 2010
Project("{FAE04EC0-301F-11D3-BF4B-00C04F79EFBC}") = "Assembly-CSharp", "Assembly-CSharp.csproj", "{2EBAD006-E7D9-5C35-B31B-5CBECC26626E}"
EndProject
Project("{FAE04EC0-301F-11D3-BF4B-00C04F79EFBC}") = "Assembly-CSharp-Editor", "Assembly-CSharp-Editor.csproj", "{C6C27A52-755F-7FD0-43A9-5B6DD7510010}"
EndProject
Global
	GlobalSection(SolutionConfigurationPlatforms) = preSolution
		Debug|Any CPU = Debug|Any CPU
		Release|Any CPU = Release|Any CPU
	EndGlobalSection
	GlobalSection(ProjectConfigurationPlatforms) = postSolution
		{2EBAD006-E7D9-5C35-B31B-5CBECC26626E}.Debug|Any CPU.ActiveCfg = Debug|Any CPU
		{2EBAD006-E7D9-5C35-B31B-5CBECC26626E}.Debug|Any CPU.Build.0 = Debug|Any CPU
		{2EBAD006-E7D9-5C35-B31B-5CBECC26626E}.Release|Any CPU.ActiveCfg = Release|Any CPU
		{2EBAD006-E7D9-5C35-B31B-5CBECC26626E}.Release|Any CPU.Build.0 = Release|Any CPU
		{C6C27A52-755F-7FD0-43A9-5B6DD7510010}.Debug|Any CPU.ActiveCfg = Debug|Any CPU
		{C6C27A52-755F-7FD0-43A9-5B6DD7510010}.Debug|Any CPU.Build.0 = Debug|Any CPU
		{C6C27A52-755F-7FD0-43A9-5B6DD7510010}.Release|Any CPU.ActiveCfg = Release|Any CPU
		{C6C27A52-755F-7FD0-43A9-5B6DD7510010}.Release|Any CPU.Build.0 = Release|Any CPU
	EndGlobalSection
	GlobalSection(SolutionProperties) = preSolution
		HideSolutionNode = FALSE
	EndGlobalSection
EndGlobal
